# THIS IS AN AUTOGENERATED FILE. DO NOT EDIT THIS FILE DIRECTLY.
# yarn lockfile v1


ws@^8.2.2:
  version "8.2.2"
  resolved "https://registry.yarnpkg.com/ws/-/ws-8.2.2.tgz#ca684330c6dd6076a737250ed81ac1606cb0a63e"
  integrity sha512-Q6B6H2oc8QY3llc3cB8kVmQ6pnJWVQbP7Q5algTcIxx7YEpc0oU4NBVHlztA7Ekzfhw2r0rPducMUiCGWKQRzw==
